Microsoft Visual Studio Solution File, Format Version 12.00
# Visual Studio Version 17
VisualStudioVersion = 17.5.2.0
MinimumVisualStudioVersion = 10.0.40219.1
Project("{FAE04EC0-301F-11D3-BF4B-00C04F79EFBC}") = "ShortageManager.UnitTests", "ShortageManager.UnitTests.csproj", "{CA48C20B-F90E-221B-B95B-65168C9C52FA}"
EndProject
Global
	GlobalSection(SolutionConfigurationPlatforms) = preSolution
		Debug|Any CPU = Debug|Any CPU
		Release|Any CPU = Release|Any CPU
	EndGlobalSection
	GlobalSection(ProjectConfigurationPlatforms) = postSolution
		{CA48C20B-F90E-221B-B95B-65168C9C52FA}.Debug|Any CPU.ActiveCfg = Debug|Any CPU
		{CA48C20B-F90E-221B-B95B-65168C9C52FA}.Debug|Any CPU.Build.0 = Debug|Any CPU
		{CA48C20B-F90E-221B-B95B-65168C9C52FA}.Release|Any CPU.ActiveCfg = Release|Any CPU
		{CA48C20B-F90E-221B-B95B-65168C9C52FA}.Release|Any CPU.Build.0 = Release|Any CPU
	EndGlobalSection
	GlobalSection(SolutionProperties) = preSolution
		HideSolutionNode = FALSE
	EndGlobalSection
	GlobalSection(ExtensibilityGlobals) = postSolution
		SolutionGuid = {7E557C60-6FD4-465E-8487-3A899620470F}
	EndGlobalSection
EndGlobal
